PODS:
  - Flutter (1.0.0)
  - flutter_boost (0.0.1):
    - Flutter
    - xservice_kit
  - xservice_kit (0.0.1):
    - Flutter

DEPENDENCIES:
  - Flutter (from `.symlinks/flutter/ios`)
  - flutter_boost (from `/Users/iblock/Documents/Code/Flutter/flutter_boost/ios`)
  - xservice_kit (from `/Users/iblock/Documents/Code/Flutter/flutter/.pub-cache/hosted/pub.dartlang.org/xservice_kit-0.0.29/ios`)

EXTERNAL SOURCES:
  Flutter:
    :path: ".symlinks/flutter/ios"
  flutter_boost:
    :path: "/Users/iblock/Documents/Code/Flutter/flutter_boost/ios"
  xservice_kit:
    :path: "/Users/iblock/Documents/Code/Flutter/flutter/.pub-cache/hosted/pub.dartlang.org/xservice_kit-0.0.29/ios"

SPEC CHECKSUMS:
  Flutter: 58dd7d1b27887414a370fcccb9e645c08ffd7a6a
  flutter_boost: 0e85ea37c74ed39ee7b91a35612afa1605557484
  xservice_kit: a2f1b35addc126fce8687aeb183ab0c1ada5b7f3

PODFILE CHECKSUM: 2a757a7bdc03b37a2814666652fdff1cf694243f

COCOAPODS: 1.6.0.beta.2
